
Microsoft Visual Studio Solution File, Format Version 12.00
# Visual Studio 2013
VisualStudioVersion = 12.0.31101.0
MinimumVisualStudioVersion = 10.0.40219.1
Project("{FAE04EC0-301F-11D3-BF4B-00C04F79EFBC}") = "BombermanConsole", "BombermanConsole\BombermanConsole.csproj", "{6EECE592-3321-4A1F-9575-C8458DF6DADC}"
EndProject
Project("{FAE04EC0-301F-11D3-BF4B-00C04F79EFBC}") = "BombernamTests", "BombernamTests\BombernamTests.csproj", "{A8BEF69D-B322-4B0C-BD55-766F5CFD1291}"
EndProject
Global
	GlobalSection(SolutionConfigurationPlatforms) = preSolution
		Debug|Any CPU = Debug|Any CPU
		Release|Any CPU = Release|Any CPU
	EndGlobalSection
	GlobalSection(ProjectConfigurationPlatforms) = postSolution
		{6EECE592-3321-4A1F-9575-C8458DF6DADC}.Debug|Any CPU.ActiveCfg = Debug|Any CPU
		{6EECE592-3321-4A1F-9575-C8458DF6DADC}.Debug|Any CPU.Build.0 = Debug|Any CPU
		{6EECE592-3321-4A1F-9575-C8458DF6DADC}.Release|Any CPU.ActiveCfg = Release|Any CPU
		{6EECE592-3321-4A1F-9575-C8458DF6DADC}.Release|Any CPU.Build.0 = Release|Any CPU
		{A8BEF69D-B322-4B0C-BD55-766F5CFD1291}.Debug|Any CPU.ActiveCfg = Debug|Any CPU
		{A8BEF69D-B322-4B0C-BD55-766F5CFD1291}.Debug|Any CPU.Build.0 = Debug|Any CPU
		{A8BEF69D-B322-4B0C-BD55-766F5CFD1291}.Release|Any CPU.ActiveCfg = Release|Any CPU
		{A8BEF69D-B322-4B0C-BD55-766F5CFD1291}.Release|Any CPU.Build.0 = Release|Any CPU
	EndGlobalSection
	GlobalSection(SolutionProperties) = preSolution
		HideSolutionNode = FALSE
	EndGlobalSection
EndGlobal
